
Microsoft Visual Studio Solution File, Format Version 12.00
# Visual Studio 14
VisualStudioVersion = 14.0.25420.1
MinimumVisualStudioVersion = 10.0.40219.1
Project("{2150E333-8FDC-42A3-9474-1A3956D46DE8}") = "1 - AH.Web", "1 - AH.Web", "{AA748D2E-E264-4DB1-AB31-90B37EC4A97C}"
EndProject
Project("{2150E333-8FDC-42A3-9474-1A3956D46DE8}") = "2 - AH.Api", "2 - AH.Api", "{51634AE4-5F34-4AA7-BA24-F54CBD9ECF9A}"
EndProject
Project("{FAE04EC0-301F-11D3-BF4B-00C04F79EFBC}") = "AH.Web", "AH.Web\AH.Web.csproj", "{57971C36-FD91-4EFE-B031-2B6469927804}"
EndProject
Project("{FAE04EC0-301F-11D3-BF4B-00C04F79EFBC}") = "AH.Web.Application", "AH.Application\AH.Web.Application.csproj", "{5CE7DBC8-9AD1-4B07-A50F-3D8CE2DAA314}"
EndProject
Project("{FAE04EC0-301F-11D3-BF4B-00C04F79EFBC}") = "AH.Repository", "AH.Repository\AH.Repository.csproj", "{D0415CFD-9959-4849-99F5-104C30052385}"
EndProject
Project("{FAE04EC0-301F-11D3-BF4B-00C04F79EFBC}") = "AH.Domain", "AH.Service\AH.Domain.csproj", "{33314C30-9305-41BB-808F-0F1554E93833}"
EndProject
Project("{FAE04EC0-301F-11D3-BF4B-00C04F79EFBC}") = "AH.Api", "AH.Api\AH.Api.csproj", "{84419C85-DDF3-464B-A3A6-C7AE56032084}"
EndProject
Global
	GlobalSection(SolutionConfigurationPlatforms) = preSolution
		Debug|Any CPU = Debug|Any CPU
		Release|Any CPU = Release|Any CPU
	EndGlobalSection
	GlobalSection(ProjectConfigurationPlatforms) = postSolution
		{57971C36-FD91-4EFE-B031-2B6469927804}.Debug|Any CPU.ActiveCfg = Debug|Any CPU
		{57971C36-FD91-4EFE-B031-2B6469927804}.Debug|Any CPU.Build.0 = Debug|Any CPU
		{57971C36-FD91-4EFE-B031-2B6469927804}.Release|Any CPU.ActiveCfg = Release|Any CPU
		{57971C36-FD91-4EFE-B031-2B6469927804}.Release|Any CPU.Build.0 = Release|Any CPU
		{5CE7DBC8-9AD1-4B07-A50F-3D8CE2DAA314}.Debug|Any CPU.ActiveCfg = Debug|Any CPU
		{5CE7DBC8-9AD1-4B07-A50F-3D8CE2DAA314}.Debug|Any CPU.Build.0 = Debug|Any CPU
		{5CE7DBC8-9AD1-4B07-A50F-3D8CE2DAA314}.Release|Any CPU.ActiveCfg = Release|Any CPU
		{5CE7DBC8-9AD1-4B07-A50F-3D8CE2DAA314}.Release|Any CPU.Build.0 = Release|Any CPU
		{D0415CFD-9959-4849-99F5-104C30052385}.Debug|Any CPU.ActiveCfg = Debug|Any CPU
		{D0415CFD-9959-4849-99F5-104C30052385}.Debug|Any CPU.Build.0 = Debug|Any CPU
		{D0415CFD-9959-4849-99F5-104C30052385}.Release|Any CPU.ActiveCfg = Release|Any CPU
		{D0415CFD-9959-4849-99F5-104C30052385}.Release|Any CPU.Build.0 = Release|Any CPU
		{33314C30-9305-41BB-808F-0F1554E93833}.Debug|Any CPU.ActiveCfg = Debug|Any CPU
		{33314C30-9305-41BB-808F-0F1554E93833}.Debug|Any CPU.Build.0 = Debug|Any CPU
		{33314C30-9305-41BB-808F-0F1554E93833}.Release|Any CPU.ActiveCfg = Release|Any CPU
		{33314C30-9305-41BB-808F-0F1554E93833}.Release|Any CPU.Build.0 = Release|Any CPU
		{84419C85-DDF3-464B-A3A6-C7AE56032084}.Debug|Any CPU.ActiveCfg = Debug|Any CPU
		{84419C85-DDF3-464B-A3A6-C7AE56032084}.Debug|Any CPU.Build.0 = Debug|Any CPU
		{84419C85-DDF3-464B-A3A6-C7AE56032084}.Release|Any CPU.ActiveCfg = Release|Any CPU
		{84419C85-DDF3-464B-A3A6-C7AE56032084}.Release|Any CPU.Build.0 = Release|Any CPU
	EndGlobalSection
	GlobalSection(SolutionProperties) = preSolution
		HideSolutionNode = FALSE
	EndGlobalSection
	GlobalSection(NestedProjects) = preSolution
		{57971C36-FD91-4EFE-B031-2B6469927804} = {AA748D2E-E264-4DB1-AB31-90B37EC4A97C}
		{5CE7DBC8-9AD1-4B07-A50F-3D8CE2DAA314} = {AA748D2E-E264-4DB1-AB31-90B37EC4A97C}
		{D0415CFD-9959-4849-99F5-104C30052385} = {51634AE4-5F34-4AA7-BA24-F54CBD9ECF9A}
		{33314C30-9305-41BB-808F-0F1554E93833} = {51634AE4-5F34-4AA7-BA24-F54CBD9ECF9A}
		{84419C85-DDF3-464B-A3A6-C7AE56032084} = {51634AE4-5F34-4AA7-BA24-F54CBD9ECF9A}
	EndGlobalSection
EndGlobal
